
Microsoft Visual Studio Solution File, Format Version 12.00
Project("{FAE04EC0-301F-11D3-BF4B-00C04F79EFBC}") = "edq", "edq\edq.csproj", "{70A726E7-8DD6-4A81-9BA6-3CFF28254E14}"
EndProject
Project("{2150E333-8FDC-42A3-9474-1A3956D46DE8}") = "Solution Items", "Solution Items", "{DCB8C904-C7AA-44CB-8888-0F2A105CC5C6}"
	ProjectSection(SolutionItems) = preProject
		compose.yaml = compose.yaml
	EndProjectSection
EndProject
Global
	GlobalSection(SolutionConfigurationPlatforms) = preSolution
		Debug|Any CPU = Debug|Any CPU
		Release|Any CPU = Release|Any CPU
	EndGlobalSection
	GlobalSection(ProjectConfigurationPlatforms) = postSolution
		{70A726E7-8DD6-4A81-9BA6-3CFF28254E14}.Debug|Any CPU.ActiveCfg = Debug|Any CPU
		{70A726E7-8DD6-4A81-9BA6-3CFF28254E14}.Debug|Any CPU.Build.0 = Debug|Any CPU
		{70A726E7-8DD6-4A81-9BA6-3CFF28254E14}.Release|Any CPU.ActiveCfg = Release|Any CPU
		{70A726E7-8DD6-4A81-9BA6-3CFF28254E14}.Release|Any CPU.Build.0 = Release|Any CPU
	EndGlobalSection
EndGlobal
